# THIS IS AN AUTOGENERATED FILE. DO NOT EDIT THIS FILE DIRECTLY.
# yarn lockfile v1


"@favware/colorette-spinner@^1.0.1":
  version "1.0.1"
  resolved "https://registry.yarnpkg.com/@favware/colorette-spinner/-/colorette-spinner-1.0.1.tgz#acc9e4645b280c0d5e1d49bc3d9efe9cc90d3dfc"
  integrity sha512-PPYtcLzhSafdylp8NBOxMCYIcLqTUMNiQc7ciBoAIvxNG2egM+P7e2nNPui5+Svyk89Q+Tnbrp139ZRIIBw3IA==
  dependencies:
    colorette "*"

"@sapphire/node-utilities@^1.0.2":
  version "1.0.2"
  resolved "https://registry.yarnpkg.com/@sapphire/node-utilities/-/node-utilities-1.0.2.tgz#d6ef723edca21bea4caff9b0b6efe529f3f2c238"
  integrity sha512-v4prFEQNbUfD3j0/gjYd93xYY52N3wrtwTgJc7n68a/GuQXiXLnfypczG5CDVX1nQdvdCB9t4wSUHpfB82zAbQ==

"@shikijs/core@1.29.1":
  version "1.29.1"
  resolved "https://registry.yarnpkg.com/@shikijs/core/-/core-1.29.1.tgz#45527f431ab10ee20b999b1a8f2fe6d4f43fc651"
  integrity sha512-Mo1gGGkuOYjDu5H8YwzmOuly9vNr8KDVkqj9xiKhhhFS8jisAtDSEWB9hzqRHLVQgFdA310e8XRJcW4tYhRB2A==
  dependencies:
    "@shikijs/engine-javascript" "1.29.1"
    "@shikijs/engine-oniguruma" "1.29.1"
    "@shikijs/types" "1.29.1"
    "@shikijs/vscode-textmate" "^10.0.1"
    "@types/hast" "^3.0.4"
    hast-util-to-html "^9.0.4"

"@shikijs/engine-javascript@1.29.1":
  version "1.29.1"
  resolved "https://registry.yarnpkg.com/@shikijs/engine-javascript/-/engine-javascript-1.29.1.tgz#6db5b88ca9aa8937c6f7d9489395de5d0eb71031"
  integrity sha512-Hpi8k9x77rCQ7F/7zxIOUruNkNidMyBnP5qAGbLFqg4kRrg1HZhkB8btib5EXbQWTtLb5gBHOdBwshk20njD7Q==
  dependencies:
    "@shikijs/types" "1.29.1"
    "@shikijs/vscode-textmate" "^10.0.1"
    oniguruma-to-es "^2.2.0"

"@shikijs/engine-oniguruma@1.29.1":
  version "1.29.1"
  resolved "https://registry.yarnpkg.com/@shikijs/engine-oniguruma/-/engine-oniguruma-1.29.1.tgz#118de735cb4e5a07d8792969342b988d2cfda01c"
  integrity sha512-gSt2WhLNgEeLstcweQOSp+C+MhOpTsgdNXRqr3zP6M+BUBZ8Md9OU2BYwUYsALBxHza7hwaIWtFHjQ/aOOychw==
  dependencies:
    "@shikijs/types" "1.29.1"
    "@shikijs/vscode-textmate" "^10.0.1"

"@shikijs/langs@1.29.1":
  version "1.29.1"
  resolved "https://registry.yarnpkg.com/@shikijs/langs/-/langs-1.29.1.tgz#ea96bc8ce777ccb105ba01331e8b6ce56f01146c"
  integrity sha512-iERn4HlyuT044/FgrvLOaZgKVKf3PozjKjyV/RZ5GnlyYEAZFcgwHGkYboeBv2IybQG1KVS/e7VGgiAU4JY2Gw==
  dependencies:
    "@shikijs/types" "1.29.1"

"@shikijs/themes@1.29.1":
  version "1.29.1"
  resolved "https://registry.yarnpkg.com/@shikijs/themes/-/themes-1.29.1.tgz#d2d77705aa94c6523aaf93f9e4bcaad2c0ccc242"
  integrity sha512-lb11zf72Vc9uxkl+aec2oW1HVTHJ2LtgZgumb4Rr6By3y/96VmlU44bkxEb8WBWH3RUtbqAJEN0jljD9cF7H7g==
  dependencies:
    "@shikijs/types" "1.29.1"

"@shikijs/types@1.29.1":
  version "1.29.1"
  resolved "https://registry.yarnpkg.com/@shikijs/types/-/types-1.29.1.tgz#41f05dac7203f64ac0ac3c4b7dc75cb6b85f76f5"
  integrity sha512-aBqAuhYRp5vSir3Pc9+QPu9WESBOjUo03ao0IHLC4TyTioSsp/SkbAZSrIH4ghYYC1T1KTEpRSBa83bas4RnPA==
  dependencies:
    "@shikijs/vscode-textmate" "^10.0.1"
    "@types/hast" "^3.0.4"

"@shikijs/vscode-textmate@^10.0.1":
  version "10.0.1"
  resolved "https://registry.yarnpkg.com/@shikijs/vscode-textmate/-/vscode-textmate-10.0.1.tgz#d06d45b67ac5e9b0088e3f67ebd3f25c6c3d711a"
  integrity sha512-fTIQwLF+Qhuws31iw7Ncl1R3HUDtGwIipiJ9iU+UsDUwMhegFcQKQHd51nZjb7CArq0MvON8rbgCGQYWHUKAdg==

"@types/hast@^3.0.0", "@types/hast@^3.0.4":
  version "3.0.4"
  resolved "https://registry.yarnpkg.com/@types/hast/-/hast-3.0.4.tgz#1d6b39993b82cea6ad783945b0508c25903e15aa"
  integrity sha512-WPs+bbQw5aCj+x6laNGWLH3wviHtoCv/P3+otBhbOhJgG8qtpdAMlTCxLtsTWA7LH1Oh/bFCHsBn0TPS5m30EQ==
  dependencies:
    "@types/unist" "*"

"@types/mdast@^4.0.0":
  version "4.0.4"
  resolved "https://registry.yarnpkg.com/@types/mdast/-/mdast-4.0.4.tgz#7ccf72edd2f1aa7dd3437e180c64373585804dd6"
  integrity sha512-kGaNbPh1k7AFzgpud/gMdvIm5xuECykRR+JnWKQno9TAXVa6WIVCGTPvYGekIDL4uwCZQSYbUxNBSb1aUo79oA==
  dependencies:
    "@types/unist" "*"

"@types/unist@*", "@types/unist@^3.0.0":
  version "3.0.3"
  resolved "https://registry.yarnpkg.com/@types/unist/-/unist-3.0.3.tgz#acaab0f919ce69cce629c2d4ed2eb4adc1b6c20c"
  integrity sha512-ko/gIFJRv177XgZsZcBwnqJN5x/Gien8qNOn0D5bQU/zAzVf9Zt3BlcUiLqhV9y4ARk0GbT3tnUiPNgnTXzc/Q==

"@ungap/structured-clone@^1.0.0":
  version "1.3.0"
  resolved "https://registry.yarnpkg.com/@ungap/structured-clone/-/structured-clone-1.3.0.tgz#d06bbb384ebcf6c505fde1c3d0ed4ddffe0aaff8"
  integrity sha512-WmoN8qaIAo7WTYWbAZuG8PYEhn5fkz7dZrqTBZ7dtt//lL2Gwms1IcnQ5yHqjDfX8Ft5j4YzDM23f87zBfDe9g==

argparse@^2.0.1:
  version "2.0.1"
  resolved "https://registry.yarnpkg.com/argparse/-/argparse-2.0.1.tgz#246f50f3ca78a3240f6c997e8a9bd1eac49e4b38"
  integrity sha512-8+9WqebbFzpX9OR+Wa6O29asIogeRMzcGtAINdpMHHyAg10f05aSFVBbcEqGf/PXw1EjAZ+q2/bEBg3DvurK3Q==

balanced-match@^1.0.0:
  version "1.0.2"
  resolved "https://registry.yarnpkg.com/balanced-match/-/balanced-match-1.0.2.tgz#e83e3a7e3f300b34cb9d87f615fa0cbf357690ee"
  integrity sha512-3oSeUO0TMV67hN1AmbXsK4yaqU7tjiHlbxRDZOpH0KW9+CeX4bRAaX0Anxt0tx2MrpRpWwQaPwIlISEJhYU5Pw==

brace-expansion@^2.0.1:
  version "2.0.1"
  resolved "https://registry.yarnpkg.com/brace-expansion/-/brace-expansion-2.0.1.tgz#1edc459e0f0c548486ecf9fc99f2221364b9a0ae"
  integrity sha512-XnAIvQ8eM+kC6aULx6wuQiwVsnzsi9d3WxzV3FpWTGA19F621kwdbsAcFKXgKUHZWsy+mY6iL1sHTxWEFCytDA==
  dependencies:
    balanced-match "^1.0.0"

ccount@^2.0.0:
  version "2.0.1"
  resolved "https://registry.yarnpkg.com/ccount/-/ccount-2.0.1.tgz#17a3bf82302e0870d6da43a01311a8bc02a3ecf5"
  integrity sha512-eyrF0jiFpY+3drT6383f1qhkbGsLSifNAjA61IUjZjmLCWjItY6LB9ft9YhoDgwfmclB2zhu51Lc7+95b8NRAg==

character-entities-html4@^2.0.0:
  version "2.1.0"
  resolved "https://registry.yarnpkg.com/character-entities-html4/-/character-entities-html4-2.1.0.tgz#1f1adb940c971a4b22ba39ddca6b618dc6e56b2b"
  integrity sha512-1v7fgQRj6hnSwFpq1Eu0ynr/CDEw0rXo2B61qXrLNdHZmPKgb7fqS1a2JwF0rISo9q77jDI8VMEHoApn8qDoZA==

character-entities-legacy@^3.0.0:
  version "3.0.0"
  resolved "https://registry.yarnpkg.com/character-entities-legacy/-/character-entities-legacy-3.0.0.tgz#76bc83a90738901d7bc223a9e93759fdd560125b"
  integrity sha512-RpPp0asT/6ufRm//AJVwpViZbGM/MkjQFxJccQRHmISF/22NBtsHqAWmL+/pmkPWoIUJdWyeVleTl1wydHATVQ==

colorette@*, colorette@^2.0.20:
  version "2.0.20"
  resolved "https://registry.yarnpkg.com/colorette/-/colorette-2.0.20.tgz#9eb793e6833067f7235902fcd3b09917a000a95a"
  integrity sha512-IfEDxwoWIjkeXL1eXcDiow4UbKjhLdq6/EuSVR9GMN7KVH3r9gQ83e73hsz1Nd1T3ijd5xv1wcWRYO+D6kCI2w==

comma-separated-tokens@^2.0.0:
  version "2.0.3"
  resolved "https://registry.yarnpkg.com/comma-separated-tokens/-/comma-separated-tokens-2.0.3.tgz#4e89c9458acb61bc8fef19f4529973b2392839ee"
  integrity sha512-Fu4hJdvzeylCfQPp9SGWidpzrMs7tTrlu6Vb8XGaRGck8QSNZJJp538Wrb60Lax4fPwR64ViY468OIUTbRlGZg==

commander@^12.1.0:
  version "12.1.0"
  resolved "https://registry.yarnpkg.com/commander/-/commander-12.1.0.tgz#01423b36f501259fdaac4d0e4d60c96c991585d3"
  integrity sha512-Vw8qHK3bZM9y/P10u3Vib8o/DdkvA2OtPtZvD871QKjy74Wj1WSKFILMPRPSdUSx5RFK1arlJzEtA4PkFgnbuA==

dequal@^2.0.0:
  version "2.0.3"
  resolved "https://registry.yarnpkg.com/dequal/-/dequal-2.0.3.tgz#2644214f1997d39ed0ee0ece72335490a7ac67be"
  integrity sha512-0je+qPKHEMohvfRTCEo3CrPG6cAzAYgmzKyxRiYSSDkS6eGJdyVJm7WaYA5ECaAD9wLB2T4EEeymA5aFVcYXCA==

devlop@^1.0.0:
  version "1.1.0"
  resolved "https://registry.yarnpkg.com/devlop/-/devlop-1.1.0.tgz#4db7c2ca4dc6e0e834c30be70c94bbc976dc7018"
  integrity sha512-RWmIqhcFf1lRYBvNmr7qTNuyCt/7/ns2jbpp1+PalgE/rDQcBT0fioSMUpJ93irlUhC5hrg4cYqe6U+0ImW0rA==
  dependencies:
    dequal "^2.0.0"

emoji-regex-xs@^1.0.0:
  version "1.0.0"
  resolved "https://registry.yarnpkg.com/emoji-regex-xs/-/emoji-regex-xs-1.0.0.tgz#e8af22e5d9dbd7f7f22d280af3d19d2aab5b0724"
  integrity sha512-LRlerrMYoIDrT6jgpeZ2YYl/L8EulRTt5hQcYjy5AInh7HWXKimpqx68aknBFpGL2+/IcogTcaydJEgaTmOpDg==

entities@^4.4.0:
  version "4.5.0"
  resolved "https://registry.yarnpkg.com/entities/-/entities-4.5.0.tgz#5d268ea5e7113ec74c4d033b79ea5a35a488fb48"
  integrity sha512-V0hjH4dGPh9Ao5p0MoRY6BVqtwCjhz6vI5LT8AJ55H+4g9/4vbHx1I54fS0XuclLhDHArPQCiMjDxjaL8fPxhw==

hast-util-to-html@^9.0.4:
  version "9.0.4"
  resolved "https://registry.yarnpkg.com/hast-util-to-html/-/hast-util-to-html-9.0.4.tgz#d689c118c875aab1def692c58603e34335a0f5c5"
  integrity sha512-wxQzXtdbhiwGAUKrnQJXlOPmHnEehzphwkK7aluUPQ+lEc1xefC8pblMgpp2w5ldBTEfveRIrADcrhGIWrlTDA==
  dependencies:
    "@types/hast" "^3.0.0"
    "@types/unist" "^3.0.0"
    ccount "^2.0.0"
    comma-separated-tokens "^2.0.0"
    hast-util-whitespace "^3.0.0"
    html-void-elements "^3.0.0"
    mdast-util-to-hast "^13.0.0"
    property-information "^6.0.0"
    space-separated-tokens "^2.0.0"
    stringify-entities "^4.0.0"
    zwitch "^2.0.4"

hast-util-whitespace@^3.0.0:
  version "3.0.0"
  resolved "https://registry.yarnpkg.com/hast-util-whitespace/-/hast-util-whitespace-3.0.0.tgz#7778ed9d3c92dd9e8c5c8f648a49c21fc51cb621"
  integrity sha512-88JUN06ipLwsnv+dVn+OIYOvAuvBMy/Qoi6O7mQHxdPXpjy+Cd6xRkWwux7DKO+4sYILtLBRIKgsdpS2gQc7qw==
  dependencies:
    "@types/hast" "^3.0.0"

html-void-elements@^3.0.0:
  version "3.0.0"
  resolved "https://registry.yarnpkg.com/html-void-elements/-/html-void-elements-3.0.0.tgz#fc9dbd84af9e747249034d4d62602def6517f1d7"
  integrity sha512-bEqo66MRXsUGxWHV5IP0PUiAWwoEjba4VCzg0LjFJBpchPaTfyfCKTG6bc5F8ucKec3q5y6qOdGyYTSBEvhCrg==

js-yaml@^4.1.0:
  version "4.1.0"
  resolved "https://registry.yarnpkg.com/js-yaml/-/js-yaml-4.1.0.tgz#c1fb65f8f5017901cdd2c951864ba18458a10602"
  integrity sha512-wpxZs9NoxZaJESJGIZTyDEaYpl0FKSA+FB9aJiyemKhMwkxQg63h4T1KJgUGHpTqPDNRcmmYLugrRjJlBtWvRA==
  dependencies:
    argparse "^2.0.1"

linkify-it@^5.0.0:
  version "5.0.0"
  resolved "https://registry.yarnpkg.com/linkify-it/-/linkify-it-5.0.0.tgz#9ef238bfa6dc70bd8e7f9572b52d369af569b421"
  integrity sha512-5aHCbzQRADcdP+ATqnDuhhJ/MRIqDkZX5pyjFHRRysS8vZ5AbqGEoFIb6pYHPZ+L/OC2Lc+xT8uHVVR5CAK/wQ==
  dependencies:
    uc.micro "^2.0.0"

lunr@^2.3.9:
  version "2.3.9"
  resolved "https://registry.yarnpkg.com/lunr/-/lunr-2.3.9.tgz#18b123142832337dd6e964df1a5a7707b25d35e1"
  integrity sha512-zTU3DaZaF3Rt9rhN3uBMGQD3dD2/vFQqnvZCDv4dl5iOzq2IZQqTxu90r4E5J+nP70J3ilqVCrbho2eWaeW8Ow==

markdown-it@^14.1.0:
  version "14.1.0"
  resolved "https://registry.yarnpkg.com/markdown-it/-/markdown-it-14.1.0.tgz#3c3c5992883c633db4714ccb4d7b5935d98b7d45"
  integrity sha512-a54IwgWPaeBCAAsv13YgmALOF1elABB08FxO9i+r4VFk5Vl4pKokRPeX8u5TCgSsPi6ec1otfLjdOpVcgbpshg==
  dependencies:
    argparse "^2.0.1"
    entities "^4.4.0"
    linkify-it "^5.0.0"
    mdurl "^2.0.0"
    punycode.js "^2.3.1"
    uc.micro "^2.1.0"

mdast-util-to-hast@^13.0.0:
  version "13.2.0"
  resolved "https://registry.yarnpkg.com/mdast-util-to-hast/-/mdast-util-to-hast-13.2.0.tgz#5ca58e5b921cc0a3ded1bc02eed79a4fe4fe41f4"
  integrity sha512-QGYKEuUsYT9ykKBCMOEDLsU5JRObWQusAolFMeko/tYPufNkRffBAQjIE+99jbA87xv6FgmjLtwjh9wBWajwAA==
  dependencies:
    "@types/hast" "^3.0.0"
    "@types/mdast" "^4.0.0"
    "@ungap/structured-clone" "^1.0.0"
    devlop "^1.0.0"
    micromark-util-sanitize-uri "^2.0.0"
    trim-lines "^3.0.0"
    unist-util-position "^5.0.0"
    unist-util-visit "^5.0.0"
    vfile "^6.0.0"

mdurl@^2.0.0:
  version "2.0.0"
  resolved "https://registry.yarnpkg.com/mdurl/-/mdurl-2.0.0.tgz#80676ec0433025dd3e17ee983d0fe8de5a2237e0"
  integrity sha512-Lf+9+2r+Tdp5wXDXC4PcIBjTDtq4UKjCPMQhKIuzpJNW0b96kVqSwW0bT7FhRSfmAiFYgP+SCRvdrDozfh0U5w==

micromark-util-character@^2.0.0:
  version "2.1.1"
  resolved "https://registry.yarnpkg.com/micromark-util-character/-/micromark-util-character-2.1.1.tgz#2f987831a40d4c510ac261e89852c4e9703ccda6"
  integrity sha512-wv8tdUTJ3thSFFFJKtpYKOYiGP2+v96Hvk4Tu8KpCAsTMs6yi+nVmGh1syvSCsaxz45J6Jbw+9DD6g97+NV67Q==
  dependencies:
    micromark-util-symbol "^2.0.0"
    micromark-util-types "^2.0.0"

micromark-util-encode@^2.0.0:
  version "2.0.1"
  resolved "https://registry.yarnpkg.com/micromark-util-encode/-/micromark-util-encode-2.0.1.tgz#0d51d1c095551cfaac368326963cf55f15f540b8"
  integrity sha512-c3cVx2y4KqUnwopcO9b/SCdo2O67LwJJ/UyqGfbigahfegL9myoEFoDYZgkT7f36T0bLrM9hZTAaAyH+PCAXjw==

micromark-util-sanitize-uri@^2.0.0:
  version "2.0.1"
  resolved "https://registry.yarnpkg.com/micromark-util-sanitize-uri/-/micromark-util-sanitize-uri-2.0.1.tgz#ab89789b818a58752b73d6b55238621b7faa8fd7"
  integrity sha512-9N9IomZ/YuGGZZmQec1MbgxtlgougxTodVwDzzEouPKo3qFWvymFHWcnDi2vzV1ff6kas9ucW+o3yzJK9YB1AQ==
  dependencies:
    micromark-util-character "^2.0.0"
    micromark-util-encode "^2.0.0"
    micromark-util-symbol "^2.0.0"

micromark-util-symbol@^2.0.0:
  version "2.0.1"
  resolved "https://registry.yarnpkg.com/micromark-util-symbol/-/micromark-util-symbol-2.0.1.tgz#e5da494e8eb2b071a0d08fb34f6cefec6c0a19b8"
  integrity sha512-vs5t8Apaud9N28kgCrRUdEed4UJ+wWNvicHLPxCa9ENlYuAY31M0ETy5y1vA33YoNPDFTghEbnh6efaE8h4x0Q==

micromark-util-types@^2.0.0:
  version "2.0.1"
  resolved "https://registry.yarnpkg.com/micromark-util-types/-/micromark-util-types-2.0.1.tgz#a3edfda3022c6c6b55bfb049ef5b75d70af50709"
  integrity sha512-534m2WhVTddrcKVepwmVEVnUAmtrx9bfIjNoQHRqfnvdaHQiFytEhJoTgpWJvDEXCO5gLTQh3wYC1PgOJA4NSQ==

minimatch@^9.0.5:
  version "9.0.5"
  resolved "https://registry.yarnpkg.com/minimatch/-/minimatch-9.0.5.tgz#d74f9dd6b57d83d8e98cfb82133b03978bc929e5"
  integrity sha512-G6T0ZX48xgozx7587koeX9Ys2NYy6Gmv//P89sEte9V9whIapMNF4idKxnW2QtCcLiTWlb/wfCabAtAFWhhBow==
  dependencies:
    brace-expansion "^2.0.1"

oniguruma-to-es@^2.2.0:
  version "2.3.0"
  resolved "https://registry.yarnpkg.com/oniguruma-to-es/-/oniguruma-to-es-2.3.0.tgz#35ea9104649b7c05f3963c6b3b474d964625028b"
  integrity sha512-bwALDxriqfKGfUufKGGepCzu9x7nJQuoRoAFp4AnwehhC2crqrDIAP/uN2qdlsAvSMpeRC3+Yzhqc7hLmle5+g==
  dependencies:
    emoji-regex-xs "^1.0.0"
    regex "^5.1.1"
    regex-recursion "^5.1.1"

property-information@^6.0.0:
  version "6.5.0"
  resolved "https://registry.yarnpkg.com/property-information/-/property-information-6.5.0.tgz#6212fbb52ba757e92ef4fb9d657563b933b7ffec"
  integrity sha512-PgTgs/BlvHxOu8QuEN7wi5A0OmXaBcHpmCSTehcs6Uuu9IkDIEo13Hy7n898RHfrQ49vKCoGeWZSaAK01nwVig==

punycode.js@^2.3.1:
  version "2.3.1"
  resolved "https://registry.yarnpkg.com/punycode.js/-/punycode.js-2.3.1.tgz#6b53e56ad75588234e79f4affa90972c7dd8cdb7"
  integrity sha512-uxFIHU0YlHYhDQtV4R9J6a52SLx28BCjT+4ieh7IGbgwVJWO+km431c4yRlREUAsAmt/uMjQUyQHNEPf0M39CA==

regex-recursion@^5.1.1:
  version "5.1.1"
  resolved "https://registry.yarnpkg.com/regex-recursion/-/regex-recursion-5.1.1.tgz#5a73772d18adbf00f57ad097bf54171b39d78f8b"
  integrity sha512-ae7SBCbzVNrIjgSbh7wMznPcQel1DNlDtzensnFxpiNpXt1U2ju/bHugH422r+4LAVS1FpW1YCwilmnNsjum9w==
  dependencies:
    regex "^5.1.1"
    regex-utilities "^2.3.0"

regex-utilities@^2.3.0:
  version "2.3.0"
  resolved "https://registry.yarnpkg.com/regex-utilities/-/regex-utilities-2.3.0.tgz#87163512a15dce2908cf079c8960d5158ff43280"
  integrity sha512-8VhliFJAWRaUiVvREIiW2NXXTmHs4vMNnSzuJVhscgmGav3g9VDxLrQndI3dZZVVdp0ZO/5v0xmX516/7M9cng==

regex@^5.1.1:
  version "5.1.1"
  resolved "https://registry.yarnpkg.com/regex/-/regex-5.1.1.tgz#cf798903f24d6fe6e531050a36686e082b29bd03"
  integrity sha512-dN5I359AVGPnwzJm2jN1k0W9LPZ+ePvoOeVMMfqIMFz53sSwXkxaJoxr50ptnsC771lK95BnTrVSZxq0b9yCGw==
  dependencies:
    regex-utilities "^2.3.0"

shiki@^1.16.2:
  version "1.29.1"
  resolved "https://registry.yarnpkg.com/shiki/-/shiki-1.29.1.tgz#7900a5450e20b6a01c046c3d15da342bee3dceb8"
  integrity sha512-TghWKV9pJTd/N+IgAIVJtr0qZkB7FfFCUrrEJc0aRmZupo3D1OCVRknQWVRVA7AX/M0Ld7QfoAruPzr3CnUJuw==
  dependencies:
    "@shikijs/core" "1.29.1"
    "@shikijs/engine-javascript" "1.29.1"
    "@shikijs/engine-oniguruma" "1.29.1"
    "@shikijs/langs" "1.29.1"
    "@shikijs/themes" "1.29.1"
    "@shikijs/types" "1.29.1"
    "@shikijs/vscode-textmate" "^10.0.1"
    "@types/hast" "^3.0.4"

space-separated-tokens@^2.0.0:
  version "2.0.2"
  resolved "https://registry.yarnpkg.com/space-separated-tokens/-/space-separated-tokens-2.0.2.tgz#1ecd9d2350a3844572c3f4a312bceb018348859f"
  integrity sha512-PEGlAwrG8yXGXRjW32fGbg66JAlOAwbObuqVoJpv/mRgoWDQfgH1wDPvtzWyUSNAXBGSk8h755YDbbcEy3SH2Q==

stringify-entities@^4.0.0:
  version "4.0.4"
  resolved "https://registry.yarnpkg.com/stringify-entities/-/stringify-entities-4.0.4.tgz#b3b79ef5f277cc4ac73caeb0236c5ba939b3a4f3"
  integrity sha512-IwfBptatlO+QCJUo19AqvrPNqlVMpW9YEL2LIVY+Rpv2qsjCGxaDLNRgeGsQWJhfItebuJhsGSLjaBbNSQ+ieg==
  dependencies:
    character-entities-html4 "^2.0.0"
    character-entities-legacy "^3.0.0"

trim-lines@^3.0.0:
  version "3.0.1"
  resolved "https://registry.yarnpkg.com/trim-lines/-/trim-lines-3.0.1.tgz#d802e332a07df861c48802c04321017b1bd87338"
  integrity sha512-kRj8B+YHZCc9kQYdWfJB2/oUl9rA99qbowYYBtr4ui4mZyAQ2JpvVBd/6U2YloATfqBhBTSMhTpgBHtU0Mf3Rg==

tslib@^2.6.3:
  version "2.8.1"
  resolved "https://registry.yarnpkg.com/tslib/-/tslib-2.8.1.tgz#612efe4ed235d567e8aba5f2a5fab70280ade83f"
  integrity sha512-oJFu94HQb+KVduSUQL7wnpmqnfmLsOA/nAh6b6EH0wCEoK0/mPeXU6c3wKDV83MkOuHPRHtSXKKU99IBazS/2w==

typedoc-json-parser@^10.0.0:
  version "10.2.0"
  resolved "https://registry.yarnpkg.com/typedoc-json-parser/-/typedoc-json-parser-10.2.0.tgz#ed807050ed6517f74c95e62cd745d3371702c73c"
  integrity sha512-z3csJ/Vfpqh5p0uQk87zmZjKck7x1R1BSpndYxgWOP9LOhJj7fyBrB5Q9+2szYto+kBVrRTKxwhLyPHWpmU+HA==
  dependencies:
    "@favware/colorette-spinner" "^1.0.1"
    "@sapphire/node-utilities" "^1.0.2"
    colorette "^2.0.20"
    commander "^12.1.0"
    js-yaml "^4.1.0"
    tslib "^2.6.3"
    typedoc "^0.26.4"
    typescript "^5.5.3"

typedoc@^0.26.4:
  version "0.26.11"
  resolved "https://registry.yarnpkg.com/typedoc/-/typedoc-0.26.11.tgz#124b43a5637b7f3237b8c721691b44738c5c9dc9"
  integrity sha512-sFEgRRtrcDl2FxVP58Ze++ZK2UQAEvtvvH8rRlig1Ja3o7dDaMHmaBfvJmdGnNEFaLTpQsN8dpvZaTqJSu/Ugw==
  dependencies:
    lunr "^2.3.9"
    markdown-it "^14.1.0"
    minimatch "^9.0.5"
    shiki "^1.16.2"
    yaml "^2.5.1"

typescript@^5.5.3:
  version "5.7.3"
  resolved "https://registry.yarnpkg.com/typescript/-/typescript-5.7.3.tgz#919b44a7dbb8583a9b856d162be24a54bf80073e"
  integrity sha512-84MVSjMEHP+FQRPy3pX9sTVV/INIex71s9TL2Gm5FG/WG1SqXeKyZ0k7/blY/4FdOzI12CBy1vGc4og/eus0fw==

uc.micro@^2.0.0, uc.micro@^2.1.0:
  version "2.1.0"
  resolved "https://registry.yarnpkg.com/uc.micro/-/uc.micro-2.1.0.tgz#f8d3f7d0ec4c3dea35a7e3c8efa4cb8b45c9e7ee"
  integrity sha512-ARDJmphmdvUk6Glw7y9DQ2bFkKBHwQHLi2lsaH6PPmz/Ka9sFOBsBluozhDltWmnv9u/cF6Rt87znRTPV+yp/A==

unist-util-is@^6.0.0:
  version "6.0.0"
  resolved "https://registry.yarnpkg.com/unist-util-is/-/unist-util-is-6.0.0.tgz#b775956486aff107a9ded971d996c173374be424"
  integrity sha512-2qCTHimwdxLfz+YzdGfkqNlH0tLi9xjTnHddPmJwtIG9MGsdbutfTc4P+haPD7l7Cjxf/WZj+we5qfVPvvxfYw==
  dependencies:
    "@types/unist" "^3.0.0"

unist-util-position@^5.0.0:
  version "5.0.0"
  resolved "https://registry.yarnpkg.com/unist-util-position/-/unist-util-position-5.0.0.tgz#678f20ab5ca1207a97d7ea8a388373c9cf896be4"
  integrity sha512-fucsC7HjXvkB5R3kTCO7kUjRdrS0BJt3M/FPxmHMBOm8JQi2BsHAHFsy27E0EolP8rp0NzXsJ+jNPyDWvOJZPA==
  dependencies:
    "@types/unist" "^3.0.0"

unist-util-stringify-position@^4.0.0:
  version "4.0.0"
  resolved "https://registry.yarnpkg.com/unist-util-stringify-position/-/unist-util-stringify-position-4.0.0.tgz#449c6e21a880e0855bf5aabadeb3a740314abac2"
  integrity sha512-0ASV06AAoKCDkS2+xw5RXJywruurpbC4JZSm7nr7MOt1ojAzvyyaO+UxZf18j8FCF6kmzCZKcAgN/yu2gm2XgQ==
  dependencies:
    "@types/unist" "^3.0.0"

unist-util-visit-parents@^6.0.0:
  version "6.0.1"
  resolved "https://registry.yarnpkg.com/unist-util-visit-parents/-/unist-util-visit-parents-6.0.1.tgz#4d5f85755c3b8f0dc69e21eca5d6d82d22162815"
  integrity sha512-L/PqWzfTP9lzzEa6CKs0k2nARxTdZduw3zyh8d2NVBnsyvHjSX4TWse388YrrQKbvI8w20fGjGlhgT96WwKykw==
  dependencies:
    "@types/unist" "^3.0.0"
    unist-util-is "^6.0.0"

unist-util-visit@^5.0.0:
  version "5.0.0"
  resolved "https://registry.yarnpkg.com/unist-util-visit/-/unist-util-visit-5.0.0.tgz#a7de1f31f72ffd3519ea71814cccf5fd6a9217d6"
  integrity sha512-MR04uvD+07cwl/yhVuVWAtw+3GOR/knlL55Nd/wAdblk27GCVt3lqpTivy/tkJcZoNPzTwS1Y+KMojlLDhoTzg==
  dependencies:
    "@types/unist" "^3.0.0"
    unist-util-is "^6.0.0"
    unist-util-visit-parents "^6.0.0"

vfile-message@^4.0.0:
  version "4.0.2"
  resolved "https://registry.yarnpkg.com/vfile-message/-/vfile-message-4.0.2.tgz#c883c9f677c72c166362fd635f21fc165a7d1181"
  integrity sha512-jRDZ1IMLttGj41KcZvlrYAaI3CfqpLpfpf+Mfig13viT6NKvRzWZ+lXz0Y5D60w6uJIBAOGq9mSHf0gktF0duw==
  dependencies:
    "@types/unist" "^3.0.0"
    unist-util-stringify-position "^4.0.0"

vfile@^6.0.0:
  version "6.0.3"
  resolved "https://registry.yarnpkg.com/vfile/-/vfile-6.0.3.tgz#3652ab1c496531852bf55a6bac57af981ebc38ab"
  integrity sha512-KzIbH/9tXat2u30jf+smMwFCsno4wHVdNmzFyL+T/L3UGqqk6JKfVqOFOZEpZSHADH1k40ab6NUIXZq422ov3Q==
  dependencies:
    "@types/unist" "^3.0.0"
    vfile-message "^4.0.0"

yaml@^2.5.1:
  version "2.7.0"
  resolved "https://registry.yarnpkg.com/yaml/-/yaml-2.7.0.tgz#aef9bb617a64c937a9a748803786ad8d3ffe1e98"
  integrity sha512-+hSoy/QHluxmC9kCIJyL/uyFmLmc+e5CFR5Wa+bpIhIj85LVb9ZH2nVnqrHoSvKogwODv0ClqZkmiSSaIH5LTA==

zwitch@^2.0.4:
  version "2.0.4"
  resolved "https://registry.yarnpkg.com/zwitch/-/zwitch-2.0.4.tgz#c827d4b0acb76fc3e685a4c6ec2902d51070e9d7"
  integrity sha512-bXE4cR/kVZhKZX/RjPEflHaKVhUVl85noU3v6b8apfQEc1x4A+zBxjZ4lN8LqGd6WZ3dl98pY4o717VFmoPp+A==
